
Microsoft Visual Studio Solution File, Format Version 12.00
# Visual Studio 15
VisualStudioVersion = 15.0.27004.2002
MinimumVisualStudioVersion = 10.0.40219.1
Project("{FAE04EC0-301F-11D3-BF4B-00C04F79EFBC}") = "CodeChallenge", "CodeChallenge\CodeChallenge.csproj", "{5A63AB2A-4E76-4049-80F8-E979A3EE6533}"
EndProject
Global
	GlobalSection(SolutionConfigurationPlatforms) = preSolution
		Debug|Any CPU = Debug|Any CPU
		Release|Any CPU = Release|Any CPU
	EndGlobalSection
	GlobalSection(ProjectConfigurationPlatforms) = postSolution
		{5A63AB2A-4E76-4049-80F8-E979A3EE6533}.Debug|Any CPU.ActiveCfg = Debug|Any CPU
		{5A63AB2A-4E76-4049-80F8-E979A3EE6533}.Debug|Any CPU.Build.0 = Debug|Any CPU
		{5A63AB2A-4E76-4049-80F8-E979A3EE6533}.Release|Any CPU.ActiveCfg = Release|Any CPU
		{5A63AB2A-4E76-4049-80F8-E979A3EE6533}.Release|Any CPU.Build.0 = Release|Any CPU
	EndGlobalSection
	GlobalSection(SolutionProperties) = preSolution
		HideSolutionNode = FALSE
	EndGlobalSection
	GlobalSection(ExtensibilityGlobals) = postSolution
		SolutionGuid = {EC372BE6-218F-4EE8-8280-A156D933B07F}
	EndGlobalSection
EndGlobal
